
Microsoft Visual Studio Solution File, Format Version 12.00
# Visual Studio Version 16
VisualStudioVersion = 16.0.31005.135
MinimumVisualStudioVersion = 10.0.40219.1
Project("{FAE04EC0-301F-11D3-BF4B-00C04F79EFBC}") = "UserMaintenance2", "UserMaintenance2\UserMaintenance2.csproj", "{F3C3FB3D-590E-406D-B207-FB1900F9A542}"
EndProject
Project("{FAE04EC0-301F-11D3-BF4B-00C04F79EFBC}") = "Letrehozas", "Letrehozas\Letrehozas.csproj", "{83BA0EEF-DFAE-4D51-B66E-E61548E0D87A}"
EndProject
Project("{FAE04EC0-301F-11D3-BF4B-00C04F79EFBC}") = "VaR", "VaR\VaR.csproj", "{C5444D1B-1DB2-4425-914B-7FB83E50111B}"
EndProject
Project("{FAE04EC0-301F-11D3-BF4B-00C04F79EFBC}") = "Week06", "Week06\Week06.csproj", "{09B9A260-DD98-4EF7-85AF-08C50B32CC42}"
EndProject
Project("{FAE04EC0-301F-11D3-BF4B-00C04F79EFBC}") = "MiKulas", "MiKulas\MiKulas.csproj", "{CBDA414D-371E-479B-8CC3-95C4E071669B}"
EndProject
Project("{FAE04EC0-301F-11D3-BF4B-00C04F79EFBC}") = "Evolution", "Evolution\Evolution.csproj", "{38EE2C46-B29A-48C6-A74C-8B69C8296743}"
EndProject
Global
	GlobalSection(SolutionConfigurationPlatforms) = preSolution
		Debug|Any CPU = Debug|Any CPU
		Release|Any CPU = Release|Any CPU
	EndGlobalSection
	GlobalSection(ProjectConfigurationPlatforms) = postSolution
		{F3C3FB3D-590E-406D-B207-FB1900F9A542}.Debug|Any CPU.ActiveCfg = Debug|Any CPU
		{F3C3FB3D-590E-406D-B207-FB1900F9A542}.Debug|Any CPU.Build.0 = Debug|Any CPU
		{F3C3FB3D-590E-406D-B207-FB1900F9A542}.Release|Any CPU.ActiveCfg = Release|Any CPU
		{F3C3FB3D-590E-406D-B207-FB1900F9A542}.Release|Any CPU.Build.0 = Release|Any CPU
		{83BA0EEF-DFAE-4D51-B66E-E61548E0D87A}.Debug|Any CPU.ActiveCfg = Debug|Any CPU
		{83BA0EEF-DFAE-4D51-B66E-E61548E0D87A}.Debug|Any CPU.Build.0 = Debug|Any CPU
		{83BA0EEF-DFAE-4D51-B66E-E61548E0D87A}.Release|Any CPU.ActiveCfg = Release|Any CPU
		{83BA0EEF-DFAE-4D51-B66E-E61548E0D87A}.Release|Any CPU.Build.0 = Release|Any CPU
		{C5444D1B-1DB2-4425-914B-7FB83E50111B}.Debug|Any CPU.ActiveCfg = Debug|Any CPU
		{C5444D1B-1DB2-4425-914B-7FB83E50111B}.Debug|Any CPU.Build.0 = Debug|Any CPU
		{C5444D1B-1DB2-4425-914B-7FB83E50111B}.Release|Any CPU.ActiveCfg = Release|Any CPU
		{C5444D1B-1DB2-4425-914B-7FB83E50111B}.Release|Any CPU.Build.0 = Release|Any CPU
		{09B9A260-DD98-4EF7-85AF-08C50B32CC42}.Debug|Any CPU.ActiveCfg = Debug|Any CPU
		{09B9A260-DD98-4EF7-85AF-08C50B32CC42}.Debug|Any CPU.Build.0 = Debug|Any CPU
		{09B9A260-DD98-4EF7-85AF-08C50B32CC42}.Release|Any CPU.ActiveCfg = Release|Any CPU
		{09B9A260-DD98-4EF7-85AF-08C50B32CC42}.Release|Any CPU.Build.0 = Release|Any CPU
		{CBDA414D-371E-479B-8CC3-95C4E071669B}.Debug|Any CPU.ActiveCfg = Debug|Any CPU
		{CBDA414D-371E-479B-8CC3-95C4E071669B}.Debug|Any CPU.Build.0 = Debug|Any CPU
		{CBDA414D-371E-479B-8CC3-95C4E071669B}.Release|Any CPU.ActiveCfg = Release|Any CPU
		{CBDA414D-371E-479B-8CC3-95C4E071669B}.Release|Any CPU.Build.0 = Release|Any CPU
		{38EE2C46-B29A-48C6-A74C-8B69C8296743}.Debug|Any CPU.ActiveCfg = Debug|Any CPU
		{38EE2C46-B29A-48C6-A74C-8B69C8296743}.Debug|Any CPU.Build.0 = Debug|Any CPU
		{38EE2C46-B29A-48C6-A74C-8B69C8296743}.Release|Any CPU.ActiveCfg = Release|Any CPU
		{38EE2C46-B29A-48C6-A74C-8B69C8296743}.Release|Any CPU.Build.0 = Release|Any CPU
	EndGlobalSection
	GlobalSection(SolutionProperties) = preSolution
		HideSolutionNode = FALSE
	EndGlobalSection
	GlobalSection(ExtensibilityGlobals) = postSolution
		SolutionGuid = {33BEF9A8-2470-4F03-A426-5A6CC15846D2}
	EndGlobalSection
EndGlobal
