
Microsoft Visual Studio Solution File, Format Version 12.00
# Visual Studio Version 16
VisualStudioVersion = 16.0.31005.135
MinimumVisualStudioVersion = 10.0.40219.1
Project("{FAE04EC0-301F-11D3-BF4B-00C04F79EFBC}") = "UserMaintenance2", "UserMaintenance2\UserMaintenance2.csproj", "{F3C3FB3D-590E-406D-B207-FB1900F9A542}"
EndProject
Project("{FAE04EC0-301F-11D3-BF4B-00C04F79EFBC}") = "Excel", "Excel\Excel.csproj", "{83BA0EEF-DFAE-4D51-B66E-E61548E0D87A}"
EndProject
Global
	GlobalSection(SolutionConfigurationPlatforms) = preSolution
		Debug|Any CPU = Debug|Any CPU
		Release|Any CPU = Release|Any CPU
	EndGlobalSection
	GlobalSection(ProjectConfigurationPlatforms) = postSolution
		{F3C3FB3D-590E-406D-B207-FB1900F9A542}.Debug|Any CPU.ActiveCfg = Debug|Any CPU
		{F3C3FB3D-590E-406D-B207-FB1900F9A542}.Debug|Any CPU.Build.0 = Debug|Any CPU
		{F3C3FB3D-590E-406D-B207-FB1900F9A542}.Release|Any CPU.ActiveCfg = Release|Any CPU
		{F3C3FB3D-590E-406D-B207-FB1900F9A542}.Release|Any CPU.Build.0 = Release|Any CPU
		{83BA0EEF-DFAE-4D51-B66E-E61548E0D87A}.Debug|Any CPU.ActiveCfg = Debug|Any CPU
		{83BA0EEF-DFAE-4D51-B66E-E61548E0D87A}.Debug|Any CPU.Build.0 = Debug|Any CPU
		{83BA0EEF-DFAE-4D51-B66E-E61548E0D87A}.Release|Any CPU.ActiveCfg = Release|Any CPU
		{83BA0EEF-DFAE-4D51-B66E-E61548E0D87A}.Release|Any CPU.Build.0 = Release|Any CPU
	EndGlobalSection
	GlobalSection(SolutionProperties) = preSolution
		HideSolutionNode = FALSE
	EndGlobalSection
	GlobalSection(ExtensibilityGlobals) = postSolution
		SolutionGuid = {33BEF9A8-2470-4F03-A426-5A6CC15846D2}
	EndGlobalSection
EndGlobal
